// !$*UTF8*$!
{
	archiveVersion = 1;
	classes = {
	};
	objectVersion = 56;
	objects = {

/* Begin PBXBuildFile section */
		009306812A4F8616007869A6 /* ViewController + Extension.swift in Sources */ = {isa = PBXBuildFile; fileRef = 009306802A4F8616007869A6 /* ViewController + Extension.swift */; };
		009306832A4F88DF007869A6 /* FacilitySelectionCollectionViewCellVM.swift in Sources */ = {isa = PBXBuildFile; fileRef = 009306822A4F88DF007869A6 /* FacilitySelectionCollectionViewCellVM.swift */; };
		00C2400F2A4E307F00165081 /* FacilitySelectionCollectionViewCell.swift in Sources */ = {isa = PBXBuildFile; fileRef = 00C2400D2A4E307F00165081 /* FacilitySelectionCollectionViewCell.swift */; };
		00C240102A4E307F00165081 /* FacilitySelectionCollectionViewCell.xib in Resources */ = {isa = PBXBuildFile; fileRef = 00C2400E2A4E307F00165081 /* FacilitySelectionCollectionViewCell.xib */; };
		00C240132A4E349000165081 /* SurveyCommonHeaderReusableView.swift in Sources */ = {isa = PBXBuildFile; fileRef = 00C240112A4E349000165081 /* SurveyCommonHeaderReusableView.swift */; };
		00C240142A4E349000165081 /* CommonHeaderReusableView.xib in Resources */ = {isa = PBXBuildFile; fileRef = 00C240122A4E349000165081 /* CommonHeaderReusableView.xib */; };
		00C240162A4EEE6700165081 /* FacilityViewModel.swift in Sources */ = {isa = PBXBuildFile; fileRef = 00C240152A4EEE6700165081 /* FacilityViewModel.swift */; };
		00C240182A4EEE9000165081 /* FacilityModel.swift in Sources */ = {isa = PBXBuildFile; fileRef = 00C240172A4EEE9000165081 /* FacilityModel.swift */; };
		00C9E4592A4E263600019C08 /* AppDelegate.swift in Sources */ = {isa = PBXBuildFile; fileRef = 00C9E4582A4E263600019C08 /* AppDelegate.swift */; };
		00C9E45B2A4E263600019C08 /* SceneDelegate.swift in Sources */ = {isa = PBXBuildFile; fileRef = 00C9E45A2A4E263600019C08 /* SceneDelegate.swift */; };
		00C9E45D2A4E263600019C08 /* ViewController.swift in Sources */ = {isa = PBXBuildFile; fileRef = 00C9E45C2A4E263600019C08 /* ViewController.swift */; };
		00C9E4602A4E263600019C08 /* Main.storyboard in Resources */ = {isa = PBXBuildFile; fileRef = 00C9E45E2A4E263600019C08 /* Main.storyboard */; };
		00C9E4622A4E263700019C08 /* Assets.xcassets in Resources */ = {isa = PBXBuildFile; fileRef = 00C9E4612A4E263700019C08 /* Assets.xcassets */; };
		00C9E4652A4E263700019C08 /* LaunchScreen.storyboard in Resources */ = {isa = PBXBuildFile; fileRef = 00C9E4632A4E263700019C08 /* LaunchScreen.storyboard */; };
/* End PBXBuildFile section */

/* Begin PBXFileReference section */
		009306802A4F8616007869A6 /* ViewController + Extension.swift */ = {isa = PBXFileReference; lastKnownFileType = sourcecode.swift; path = "ViewController + Extension.swift"; sourceTree = "<group>"; };
		009306822A4F88DF007869A6 /* FacilitySelectionCollectionViewCellVM.swift */ = {isa = PBXFileReference; lastKnownFileType = sourcecode.swift; path = FacilitySelectionCollectionViewCellVM.swift; sourceTree = "<group>"; };
		00C2400D2A4E307F00165081 /* FacilitySelectionCollectionViewCell.swift */ = {isa = PBXFileReference; fileEncoding = 4; lastKnownFileType = sourcecode.swift; path = FacilitySelectionCollectionViewCell.swift; sourceTree = "<group>"; };
		00C2400E2A4E307F00165081 /* FacilitySelectionCollectionViewCell.xib */ = {isa = PBXFileReference; fileEncoding = 4; lastKnownFileType = file.xib; path = FacilitySelectionCollectionViewCell.xib; sourceTree = "<group>"; };
		00C240112A4E349000165081 /* SurveyCommonHeaderReusableView.swift */ = {isa = PBXFileReference; fileEncoding = 4; lastKnownFileType = sourcecode.swift; path = SurveyCommonHeaderReusableView.swift; sourceTree = "<group>"; };
		00C240122A4E349000165081 /* CommonHeaderReusableView.xib */ = {isa = PBXFileReference; fileEncoding = 4; lastKnownFileType = file.xib; path = CommonHeaderReusableView.xib; sourceTree = "<group>"; };
		00C240152A4EEE6700165081 /* FacilityViewModel.swift */ = {isa = PBXFileReference; lastKnownFileType = sourcecode.swift; path = FacilityViewModel.swift; sourceTree = "<group>"; };
		00C240172A4EEE9000165081 /* FacilityModel.swift */ = {isa = PBXFileReference; lastKnownFileType = sourcecode.swift; path = FacilityModel.swift; sourceTree = "<group>"; };
		00C9E4552A4E263600019C08 /* Radius.app */ = {isa = PBXFileReference; explicitFileType = wrapper.application; includeInIndex = 0; path = Radius.app; sourceTree = BUILT_PRODUCTS_DIR; };
		00C9E4582A4E263600019C08 /* AppDelegate.swift */ = {isa = PBXFileReference; lastKnownFileType = sourcecode.swift; path = AppDelegate.swift; sourceTree = "<group>"; };
		00C9E45A2A4E263600019C08 /* SceneDelegate.swift */ = {isa = PBXFileReference; lastKnownFileType = sourcecode.swift; path = SceneDelegate.swift; sourceTree = "<group>"; };
		00C9E45C2A4E263600019C08 /* ViewController.swift */ = {isa = PBXFileReference; lastKnownFileType = sourcecode.swift; path = ViewController.swift; sourceTree = "<group>"; };
		00C9E45F2A4E263600019C08 /* Base */ = {isa = PBXFileReference; lastKnownFileType = file.storyboard; name = Base; path = Base.lproj/Main.storyboard; sourceTree = "<group>"; };
		00C9E4612A4E263700019C08 /* Assets.xcassets */ = {isa = PBXFileReference; lastKnownFileType = folder.assetcatalog; path = Assets.xcassets; sourceTree = "<group>"; };
		00C9E4642A4E263700019C08 /* Base */ = {isa = PBXFileReference; lastKnownFileType = file.storyboard; name = Base; path = Base.lproj/LaunchScreen.storyboard; sourceTree = "<group>"; };
		00C9E4662A4E263700019C08 /* Info.plist */ = {isa = PBXFileReference; lastKnownFileType = text.plist.xml; path = Info.plist; sourceTree = "<group>"; };
/* End PBXFileReference section */

/* Begin PBXFrameworksBuildPhase section */
		00C9E4522A4E263600019C08 /* Frameworks */ = {
			isa = PBXFrameworksBuildPhase;
			buildActionMask = 2147483647;
			files = (
			);
			runOnlyForDeploymentPostprocessing = 0;
		};
/* End PBXFrameworksBuildPhase section */

/* Begin PBXGroup section */
		00C9E44C2A4E263600019C08 = {
			isa = PBXGroup;
			children = (
				00C9E4572A4E263600019C08 /* Radius */,
				00C9E4562A4E263600019C08 /* Products */,
			);
			sourceTree = "<group>";
		};
		00C9E4562A4E263600019C08 /* Products */ = {
			isa = PBXGroup;
			children = (
				00C9E4552A4E263600019C08 /* Radius.app */,
			);
			name = Products;
			sourceTree = "<group>";
		};
		00C9E4572A4E263600019C08 /* Radius */ = {
			isa = PBXGroup;
			children = (
				00C9E4702A4E285900019C08 /* Models */,
				00C9E46F2A4E284F00019C08 /* ViewModels */,
				00C9E46E2A4E284700019C08 /* Views */,
				00C9E46D2A4E283D00019C08 /* Controllers */,
				00C9E46C2A4E283000019C08 /* Resource */,
				00C9E4662A4E263700019C08 /* Info.plist */,
			);
			path = Radius;
			sourceTree = "<group>";
		};
		00C9E46C2A4E283000019C08 /* Resource */ = {
			isa = PBXGroup;
			children = (
				00C9E4582A4E263600019C08 /* AppDelegate.swift */,
				00C9E45A2A4E263600019C08 /* SceneDelegate.swift */,
				00C9E4612A4E263700019C08 /* Assets.xcassets */,
			);
			path = Resource;
			sourceTree = "<group>";
		};
		00C9E46D2A4E283D00019C08 /* Controllers */ = {
			isa = PBXGroup;
			children = (
				00C9E45C2A4E263600019C08 /* ViewController.swift */,
				009306802A4F8616007869A6 /* ViewController + Extension.swift */,
			);
			path = Controllers;
			sourceTree = "<group>";
		};
		00C9E46E2A4E284700019C08 /* Views */ = {
			isa = PBXGroup;
			children = (
				00C240112A4E349000165081 /* SurveyCommonHeaderReusableView.swift */,
				00C240122A4E349000165081 /* CommonHeaderReusableView.xib */,
				00C2400D2A4E307F00165081 /* FacilitySelectionCollectionViewCell.swift */,
				00C2400E2A4E307F00165081 /* FacilitySelectionCollectionViewCell.xib */,
				00C9E45E2A4E263600019C08 /* Main.storyboard */,
				00C9E4632A4E263700019C08 /* LaunchScreen.storyboard */,
			);
			path = Views;
			sourceTree = "<group>";
		};
		00C9E46F2A4E284F00019C08 /* ViewModels */ = {
			isa = PBXGroup;
			children = (
				00C240152A4EEE6700165081 /* FacilityViewModel.swift */,
				009306822A4F88DF007869A6 /* FacilitySelectionCollectionViewCellVM.swift */,
			);
			path = ViewModels;
			sourceTree = "<group>";
		};
		00C9E4702A4E285900019C08 /* Models */ = {
			isa = PBXGroup;
			children = (
				00C240172A4EEE9000165081 /* FacilityModel.swift */,
			);
			path = Models;
			sourceTree = "<group>";
		};
/* End PBXGroup section */

/* Begin PBXNativeTarget section */
		00C9E4542A4E263600019C08 /* Radius */ = {
			isa = PBXNativeTarget;
			buildConfigurationList = 00C9E4692A4E263700019C08 /* Build configuration list for PBXNativeTarget "Radius" */;
			buildPhases = (
				00C9E4512A4E263600019C08 /* Sources */,
				00C9E4522A4E263600019C08 /* Frameworks */,
				00C9E4532A4E263600019C08 /* Resources */,
			);
			buildRules = (
			);
			dependencies = (
			);
			name = Radius;
			productName = Radiant;
			productReference = 00C9E4552A4E263600019C08 /* Radius.app */;
			productType = "com.apple.product-type.application";
		};
/* End PBXNativeTarget section */

/* Begin PBXProject section */
		00C9E44D2A4E263600019C08 /* Project object */ = {
			isa = PBXProject;
			attributes = {
				BuildIndependentTargetsInParallel = 1;
				LastSwiftUpdateCheck = 1420;
				LastUpgradeCheck = 1420;
				TargetAttributes = {
					00C9E4542A4E263600019C08 = {
						CreatedOnToolsVersion = 14.2;
					};
				};
			};
			buildConfigurationList = 00C9E4502A4E263600019C08 /* Build configuration list for PBXProject "Radius" */;
			compatibilityVersion = "Xcode 14.0";
			developmentRegion = en;
			hasScannedForEncodings = 0;
			knownRegions = (
				en,
				Base,
			);
			mainGroup = 00C9E44C2A4E263600019C08;
			productRefGroup = 00C9E4562A4E263600019C08 /* Products */;
			projectDirPath = "";
			projectRoot = "";
			targets = (
				00C9E4542A4E263600019C08 /* Radius */,
			);
		};
/* End PBXProject section */

/* Begin PBXResourcesBuildPhase section */
		00C9E4532A4E263600019C08 /* Resources */ = {
			isa = PBXResourcesBuildPhase;
			buildActionMask = 2147483647;
			files = (
				00C9E4652A4E263700019C08 /* LaunchScreen.storyboard in Resources */,
				00C240102A4E307F00165081 /* FacilitySelectionCollectionViewCell.xib in Resources */,
				00C9E4622A4E263700019C08 /* Assets.xcassets in Resources */,
				00C240142A4E349000165081 /* CommonHeaderReusableView.xib in Resources */,
				00C9E4602A4E263600019C08 /* Main.storyboard in Resources */,
			);
			runOnlyForDeploymentPostprocessing = 0;
		};
/* End PBXResourcesBuildPhase section */

/* Begin PBXSourcesBuildPhase section */
		00C9E4512A4E263600019C08 /* Sources */ = {
			isa = PBXSourcesBuildPhase;
			buildActionMask = 2147483647;
			files = (
				00C240182A4EEE9000165081 /* FacilityModel.swift in Sources */,
				00C240132A4E349000165081 /* SurveyCommonHeaderReusableView.swift in Sources */,
				00C9E45D2A4E263600019C08 /* ViewController.swift in Sources */,
				00C2400F2A4E307F00165081 /* FacilitySelectionCollectionViewCell.swift in Sources */,
				009306832A4F88DF007869A6 /* FacilitySelectionCollectionViewCellVM.swift in Sources */,
				009306812A4F8616007869A6 /* ViewController + Extension.swift in Sources */,
				00C9E4592A4E263600019C08 /* AppDelegate.swift in Sources */,
				00C9E45B2A4E263600019C08 /* SceneDelegate.swift in Sources */,
				00C240162A4EEE6700165081 /* FacilityViewModel.swift in Sources */,
			);
			runOnlyForDeploymentPostprocessing = 0;
		};
/* End PBXSourcesBuildPhase section */

/* Begin PBXVariantGroup section */
		00C9E45E2A4E263600019C08 /* Main.storyboard */ = {
			isa = PBXVariantGroup;
			children = (
				00C9E45F2A4E263600019C08 /* Base */,
			);
			name = Main.storyboard;
			sourceTree = "<group>";
		};
		00C9E4632A4E263700019C08 /* LaunchScreen.storyboard */ = {
			isa = PBXVariantGroup;
			children = (
				00C9E4642A4E263700019C08 /* Base */,
			);
			name = LaunchScreen.storyboard;
			sourceTree = "<group>";
		};
/* End PBXVariantGroup section */

/* Begin XCBuildConfiguration section */
		00C9E4672A4E263700019C08 /* Debug */ = {
			isa = XCBuildConfiguration;
			buildSettings = {
				ALWAYS_SEARCH_USER_PATHS = NO;
				CLANG_ANALYZER_NONNULL = YES;
				CLANG_ANALYZER_NUMBER_OBJECT_CONVERSION = YES_AGGRESSIVE;
				CLANG_CXX_LANGUAGE_STANDARD = "gnu++20";
				CLANG_ENABLE_MODULES = YES;
				CLANG_ENABLE_OBJC_ARC = YES;
				CLANG_ENABLE_OBJC_WEAK = YES;
				CLANG_WARN_BLOCK_CAPTURE_AUTORELEASING = YES;
				CLANG_WARN_BOOL_CONVERSION = YES;
				CLANG_WARN_COMMA = YES;
				CLANG_WARN_CONSTANT_CONVERSION = YES;
				CLANG_WARN_DEPRECATED_OBJC_IMPLEMENTATIONS = YES;
				CLANG_WARN_DIRECT_OBJC_ISA_USAGE = YES_ERROR;
				CLANG_WARN_DOCUMENTATION_COMMENTS = YES;
				CLANG_WARN_EMPTY_BODY = YES;
				CLANG_WARN_ENUM_CONVERSION = YES;
				CLANG_WARN_INFINITE_RECURSION = YES;
				CLANG_WARN_INT_CONVERSION = YES;
				CLANG_WARN_NON_LITERAL_NULL_CONVERSION = YES;
				CLANG_WARN_OBJC_IMPLICIT_RETAIN_SELF = YES;
				CLANG_WARN_OBJC_LITERAL_CONVERSION = YES;
				CLANG_WARN_OBJC_ROOT_CLASS = YES_ERROR;
				CLANG_WARN_QUOTED_INCLUDE_IN_FRAMEWORK_HEADER = YES;
				CLANG_WARN_RANGE_LOOP_ANALYSIS = YES;
				CLANG_WARN_STRICT_PROTOTYPES = YES;
				CLANG_WARN_SUSPICIOUS_MOVE = YES;
				CLANG_WARN_UNGUARDED_AVAILABILITY = YES_AGGRESSIVE;
				CLANG_WARN_UNREACHABLE_CODE = YES;
				CLANG_WARN__DUPLICATE_METHOD_MATCH = YES;
				COPY_PHASE_STRIP = NO;
				DEBUG_INFORMATION_FORMAT = dwarf;
				ENABLE_STRICT_OBJC_MSGSEND = YES;
				ENABLE_TESTABILITY = YES;
				GCC_C_LANGUAGE_STANDARD = gnu11;
				GCC_DYNAMIC_NO_PIC = NO;
				GCC_NO_COMMON_BLOCKS = YES;
				GCC_OPTIMIZATION_LEVEL = 0;
				GCC_PREPROCESSOR_DEFINITIONS = (
					"DEBUG=1",
					"$(inherited)",
				);
				GCC_WARN_64_TO_32_BIT_CONVERSION = YES;
				GCC_WARN_ABOUT_RETURN_TYPE = YES_ERROR;
				GCC_WARN_UNDECLARED_SELECTOR = YES;
				GCC_WARN_UNINITIALIZED_AUTOS = YES_AGGRESSIVE;
				GCC_WARN_UNUSED_FUNCTION = YES;
				GCC_WARN_UNUSED_VARIABLE = YES;
				IPHONEOS_DEPLOYMENT_TARGET = 16.2;
				MTL_ENABLE_DEBUG_INFO = INCLUDE_SOURCE;
				MTL_FAST_MATH = YES;
				ONLY_ACTIVE_ARCH = YES;
				SDKROOT = iphoneos;
				SWIFT_ACTIVE_COMPILATION_CONDITIONS = DEBUG;
				SWIFT_OPTIMIZATION_LEVEL = "-Onone";
			};
			name = Debug;
		};
		00C9E4682A4E263700019C08 /* Release */ = {
			isa = XCBuildConfiguration;
			buildSettings = {
				ALWAYS_SEARCH_USER_PATHS = NO;
				CLANG_ANALYZER_NONNULL = YES;
				CLANG_ANALYZER_NUMBER_OBJECT_CONVERSION = YES_AGGRESSIVE;
				CLANG_CXX_LANGUAGE_STANDARD = "gnu++20";
				CLANG_ENABLE_MODULES = YES;
				CLANG_ENABLE_OBJC_ARC = YES;
				CLANG_ENABLE_OBJC_WEAK = YES;
				CLANG_WARN_BLOCK_CAPTURE_AUTORELEASING = YES;
				CLANG_WARN_BOOL_CONVERSION = YES;
				CLANG_WARN_COMMA = YES;
				CLANG_WARN_CONSTANT_CONVERSION = YES;
				CLANG_WARN_DEPRECATED_OBJC_IMPLEMENTATIONS = YES;
				CLANG_WARN_DIRECT_OBJC_ISA_USAGE = YES_ERROR;
				CLANG_WARN_DOCUMENTATION_COMMENTS = YES;
				CLANG_WARN_EMPTY_BODY = YES;
				CLANG_WARN_ENUM_CONVERSION = YES;
				CLANG_WARN_INFINITE_RECURSION = YES;
				CLANG_WARN_INT_CONVERSION = YES;
				CLANG_WARN_NON_LITERAL_NULL_CONVERSION = YES;
				CLANG_WARN_OBJC_IMPLICIT_RETAIN_SELF = YES;
				CLANG_WARN_OBJC_LITERAL_CONVERSION = YES;
				CLANG_WARN_OBJC_ROOT_CLASS = YES_ERROR;
				CLANG_WARN_QUOTED_INCLUDE_IN_FRAMEWORK_HEADER = YES;
				CLANG_WARN_RANGE_LOOP_ANALYSIS = YES;
				CLANG_WARN_STRICT_PROTOTYPES = YES;
				CLANG_WARN_SUSPICIOUS_MOVE = YES;
				CLANG_WARN_UNGUARDED_AVAILABILITY = YES_AGGRESSIVE;
				CLANG_WARN_UNREACHABLE_CODE = YES;
				CLANG_WARN__DUPLICATE_METHOD_MATCH = YES;
				COPY_PHASE_STRIP = NO;
				DEBUG_INFORMATION_FORMAT = "dwarf-with-dsym";
				ENABLE_NS_ASSERTIONS = NO;
				ENABLE_STRICT_OBJC_MSGSEND = YES;
				GCC_C_LANGUAGE_STANDARD = gnu11;
				GCC_NO_COMMON_BLOCKS = YES;
				GCC_WARN_64_TO_32_BIT_CONVERSION = YES;
				GCC_WARN_ABOUT_RETURN_TYPE = YES_ERROR;
				GCC_WARN_UNDECLARED_SELECTOR = YES;
				GCC_WARN_UNINITIALIZED_AUTOS = YES_AGGRESSIVE;
				GCC_WARN_UNUSED_FUNCTION = YES;
				GCC_WARN_UNUSED_VARIABLE = YES;
				IPHONEOS_DEPLOYMENT_TARGET = 16.2;
				MTL_ENABLE_DEBUG_INFO = NO;
				MTL_FAST_MATH = YES;
				SDKROOT = iphoneos;
				SWIFT_COMPILATION_MODE = wholemodule;
				SWIFT_OPTIMIZATION_LEVEL = "-O";
				VALIDATE_PRODUCT = YES;
			};
			name = Release;
		};
		00C9E46A2A4E263700019C08 /* Debug */ = {
			isa = XCBuildConfiguration;
			buildSettings = {
				ASSETCATALOG_COMPILER_APPICON_NAME = AppIcon;
				ASSETCATALOG_COMPILER_GLOBAL_ACCENT_COLOR_NAME = AccentColor;
				CODE_SIGN_STYLE = Automatic;
				CURRENT_PROJECT_VERSION = 1;
				DEVELOPMENT_TEAM = K84MJFVXFR;
				GENERATE_INFOPLIST_FILE = YES;
				INFOPLIST_FILE = Radius/Info.plist;
				INFOPLIST_KEY_UIApplicationSupportsIndirectInputEvents = YES;
				INFOPLIST_KEY_UILaunchStoryboardName = LaunchScreen;
				INFOPLIST_KEY_UIMainStoryboardFile = Main;
				INFOPLIST_KEY_UISupportedInterfaceOrientations = "UIInterfaceOrientationLandscapeLeft UIInterfaceOrientationLandscapeRight UIInterfaceOrientationPortrait";
				INFOPLIST_KEY_UISupportedInterfaceOrientations_iPad = "UIInterfaceOrientationLandscapeLeft UIInterfaceOrientationLandscapeRight UIInterfaceOrientationPortrait UIInterfaceOrientationPortraitUpsideDown";
				LD_RUNPATH_SEARCH_PATHS = (
					"$(inherited)",
					"@executable_path/Frameworks",
				);
				MARKETING_VERSION = 1.0;
				PRODUCT_BUNDLE_IDENTIFIER = com.mujahid.radiant.Radius;
				PRODUCT_NAME = "$(TARGET_NAME)";
				SWIFT_EMIT_LOC_STRINGS = YES;
				SWIFT_VERSION = 5.0;
				TARGETED_DEVICE_FAMILY = "1,2";
			};
			name = Debug;
		};
		00C9E46B2A4E263700019C08 /* Release */ = {
			isa = XCBuildConfiguration;
			buildSettings = {
				ASSETCATALOG_COMPILER_APPICON_NAME = AppIcon;
				ASSETCATALOG_COMPILER_GLOBAL_ACCENT_COLOR_NAME = AccentColor;
				CODE_SIGN_STYLE = Automatic;
				CURRENT_PROJECT_VERSION = 1;
				DEVELOPMENT_TEAM = K84MJFVXFR;
				GENERATE_INFOPLIST_FILE = YES;
				INFOPLIST_FILE = Radius/Info.plist;
				INFOPLIST_KEY_UIApplicationSupportsIndirectInputEvents = YES;
				INFOPLIST_KEY_UILaunchStoryboardName = LaunchScreen;
				INFOPLIST_KEY_UIMainStoryboardFile = Main;
				INFOPLIST_KEY_UISupportedInterfaceOrientations = "UIInterfaceOrientationLandscapeLeft UIInterfaceOrientationLandscapeRight UIInterfaceOrientationPortrait";
				INFOPLIST_KEY_UISupportedInterfaceOrientations_iPad = "UIInterfaceOrientationLandscapeLeft UIInterfaceOrientationLandscapeRight UIInterfaceOrientationPortrait UIInterfaceOrientationPortraitUpsideDown";
				LD_RUNPATH_SEARCH_PATHS = (
					"$(inherited)",
					"@executable_path/Frameworks",
				);
				MARKETING_VERSION = 1.0;
				PRODUCT_BUNDLE_IDENTIFIER = com.mujahid.radiant.Radius;
				PRODUCT_NAME = "$(TARGET_NAME)";
				SWIFT_EMIT_LOC_STRINGS = YES;
				SWIFT_VERSION = 5.0;
				TARGETED_DEVICE_FAMILY = "1,2";
			};
			name = Release;
		};
/* End XCBuildConfiguration section */

/* Begin XCConfigurationList section */
		00C9E4502A4E263600019C08 /* Build configuration list for PBXProject "Radius" */ = {
			isa = XCConfigurationList;
			buildConfigurations = (
				00C9E4672A4E263700019C08 /* Debug */,
				00C9E4682A4E263700019C08 /* Release */,
			);
			defaultConfigurationIsVisible = 0;
			defaultConfigurationName = Release;
		};
		00C9E4692A4E263700019C08 /* Build configuration list for PBXNativeTarget "Radius" */ = {
			isa = XCConfigurationList;
			buildConfigurations = (
				00C9E46A2A4E263700019C08 /* Debug */,
				00C9E46B2A4E263700019C08 /* Release */,
			);
			defaultConfigurationIsVisible = 0;
			defaultConfigurationName = Release;
		};
/* End XCConfigurationList section */
	};
	rootObject = 00C9E44D2A4E263600019C08 /* Project object */;
}
